
Microsoft Visual Studio Solution File, Format Version 12.00
# Visual Studio 14
VisualStudioVersion = 14.0.25420.1
MinimumVisualStudioVersion = 10.0.40219.1
Project("{2150E333-8FDC-42A3-9474-1A3956D46DE8}") = "src", "src", "{5F2038DA-BA91-4ECF-BC3C-682A4E5A6FFE}"
EndProject
Project("{2150E333-8FDC-42A3-9474-1A3956D46DE8}") = "Solution Items", "Solution Items", "{A64C4400-2568-4141-96EF-6529844C662D}"
	ProjectSection(SolutionItems) = preProject
		global.json = global.json
	EndProjectSection
EndProject
Project("{8BB2217D-0F2D-49D1-97BC-3654ED321F3B}") = "TodoWebAppCore", "src\TodoWebAppCore\TodoWebAppCore.xproj", "{0097ED62-AC41-46C0-9136-AA819BEA3A09}"
EndProject
Project("{8BB2217D-0F2D-49D1-97BC-3654ED321F3B}") = "TodoWebAppCore.Domain", "src\TodoWebAppCore.Domain\TodoWebAppCore.Domain.xproj", "{1E3BD70C-1167-4CBB-9CBA-7014E3624888}"
EndProject
Project("{8BB2217D-0F2D-49D1-97BC-3654ED321F3B}") = "TodoWebAppCore.Data", "src\TodoWebAppCore.Data\TodoWebAppCore.Data.xproj", "{FE05A263-B768-4CC2-A32F-69A73CAD07AB}"
EndProject
Project("{8BB2217D-0F2D-49D1-97BC-3654ED321F3B}") = "TodoWebAppCore.DomainServices", "src\TodoWebAppCore.DomainServices\TodoWebAppCore.DomainServices.xproj", "{1D672C8B-0EF8-4711-97DA-DDB344FF446C}"
EndProject
Project("{8BB2217D-0F2D-49D1-97BC-3654ED321F3B}") = "TodoWebAppCore.AppService", "src\TodoWebAppCore.AppService\TodoWebAppCore.AppService.xproj", "{C6BF5468-1EF3-441A-9293-58EF393F3715}"
EndProject
Project("{8BB2217D-0F2D-49D1-97BC-3654ED321F3B}") = "TodoWebAppCore.Ioc", "src\TodoWebAppCore.Ioc\TodoWebAppCore.Ioc.xproj", "{A266653F-78F6-4340-BAE0-A491F4768282}"
EndProject
Project("{8BB2217D-0F2D-49D1-97BC-3654ED321F3B}") = "TodoWebAppCore.Tests", "src\TodoWebAppCore.Tests\TodoWebAppCore.Tests.xproj", "{0A662F5F-4417-44E1-92C8-35CA1DB483BD}"
EndProject
Global
	GlobalSection(SolutionConfigurationPlatforms) = preSolution
		Debug|Any CPU = Debug|Any CPU
		Release|Any CPU = Release|Any CPU
	EndGlobalSection
	GlobalSection(ProjectConfigurationPlatforms) = postSolution
		{0097ED62-AC41-46C0-9136-AA819BEA3A09}.Debug|Any CPU.ActiveCfg = Debug|Any CPU
		{0097ED62-AC41-46C0-9136-AA819BEA3A09}.Debug|Any CPU.Build.0 = Debug|Any CPU
		{0097ED62-AC41-46C0-9136-AA819BEA3A09}.Release|Any CPU.ActiveCfg = Release|Any CPU
		{0097ED62-AC41-46C0-9136-AA819BEA3A09}.Release|Any CPU.Build.0 = Release|Any CPU
		{1E3BD70C-1167-4CBB-9CBA-7014E3624888}.Debug|Any CPU.ActiveCfg = Debug|Any CPU
		{1E3BD70C-1167-4CBB-9CBA-7014E3624888}.Debug|Any CPU.Build.0 = Debug|Any CPU
		{1E3BD70C-1167-4CBB-9CBA-7014E3624888}.Release|Any CPU.ActiveCfg = Release|Any CPU
		{1E3BD70C-1167-4CBB-9CBA-7014E3624888}.Release|Any CPU.Build.0 = Release|Any CPU
		{FE05A263-B768-4CC2-A32F-69A73CAD07AB}.Debug|Any CPU.ActiveCfg = Debug|Any CPU
		{FE05A263-B768-4CC2-A32F-69A73CAD07AB}.Debug|Any CPU.Build.0 = Debug|Any CPU
		{FE05A263-B768-4CC2-A32F-69A73CAD07AB}.Release|Any CPU.ActiveCfg = Release|Any CPU
		{FE05A263-B768-4CC2-A32F-69A73CAD07AB}.Release|Any CPU.Build.0 = Release|Any CPU
		{1D672C8B-0EF8-4711-97DA-DDB344FF446C}.Debug|Any CPU.ActiveCfg = Debug|Any CPU
		{1D672C8B-0EF8-4711-97DA-DDB344FF446C}.Debug|Any CPU.Build.0 = Debug|Any CPU
		{1D672C8B-0EF8-4711-97DA-DDB344FF446C}.Release|Any CPU.ActiveCfg = Release|Any CPU
		{1D672C8B-0EF8-4711-97DA-DDB344FF446C}.Release|Any CPU.Build.0 = Release|Any CPU
		{C6BF5468-1EF3-441A-9293-58EF393F3715}.Debug|Any CPU.ActiveCfg = Debug|Any CPU
		{C6BF5468-1EF3-441A-9293-58EF393F3715}.Debug|Any CPU.Build.0 = Debug|Any CPU
		{C6BF5468-1EF3-441A-9293-58EF393F3715}.Release|Any CPU.ActiveCfg = Release|Any CPU
		{C6BF5468-1EF3-441A-9293-58EF393F3715}.Release|Any CPU.Build.0 = Release|Any CPU
		{A266653F-78F6-4340-BAE0-A491F4768282}.Debug|Any CPU.ActiveCfg = Debug|Any CPU
		{A266653F-78F6-4340-BAE0-A491F4768282}.Debug|Any CPU.Build.0 = Debug|Any CPU
		{A266653F-78F6-4340-BAE0-A491F4768282}.Release|Any CPU.ActiveCfg = Release|Any CPU
		{A266653F-78F6-4340-BAE0-A491F4768282}.Release|Any CPU.Build.0 = Release|Any CPU
		{0A662F5F-4417-44E1-92C8-35CA1DB483BD}.Debug|Any CPU.ActiveCfg = Debug|Any CPU
		{0A662F5F-4417-44E1-92C8-35CA1DB483BD}.Debug|Any CPU.Build.0 = Debug|Any CPU
		{0A662F5F-4417-44E1-92C8-35CA1DB483BD}.Release|Any CPU.ActiveCfg = Release|Any CPU
		{0A662F5F-4417-44E1-92C8-35CA1DB483BD}.Release|Any CPU.Build.0 = Release|Any CPU
	EndGlobalSection
	GlobalSection(SolutionProperties) = preSolution
		HideSolutionNode = FALSE
	EndGlobalSection
	GlobalSection(NestedProjects) = preSolution
		{0097ED62-AC41-46C0-9136-AA819BEA3A09} = {5F2038DA-BA91-4ECF-BC3C-682A4E5A6FFE}
		{1E3BD70C-1167-4CBB-9CBA-7014E3624888} = {5F2038DA-BA91-4ECF-BC3C-682A4E5A6FFE}
		{FE05A263-B768-4CC2-A32F-69A73CAD07AB} = {5F2038DA-BA91-4ECF-BC3C-682A4E5A6FFE}
		{1D672C8B-0EF8-4711-97DA-DDB344FF446C} = {5F2038DA-BA91-4ECF-BC3C-682A4E5A6FFE}
		{C6BF5468-1EF3-441A-9293-58EF393F3715} = {5F2038DA-BA91-4ECF-BC3C-682A4E5A6FFE}
		{A266653F-78F6-4340-BAE0-A491F4768282} = {5F2038DA-BA91-4ECF-BC3C-682A4E5A6FFE}
		{0A662F5F-4417-44E1-92C8-35CA1DB483BD} = {5F2038DA-BA91-4ECF-BC3C-682A4E5A6FFE}
	EndGlobalSection
EndGlobal
